
Microsoft Visual Studio Solution File, Format Version 12.00
# Visual Studio Version 16
VisualStudioVersion = 16.0.29215.179
MinimumVisualStudioVersion = 10.0.40219.1
Project("{FAE04EC0-301F-11D3-BF4B-00C04F79EFBC}") = "AppDivisas.UWP", "AppDivisas\AppDivisas.UWP\AppDivisas.UWP.csproj", "{73A94002-B405-4892-931D-F2FB49390D4E}"
EndProject
Project("{FAE04EC0-301F-11D3-BF4B-00C04F79EFBC}") = "AppDivisas.Android", "AppDivisas\AppDivisas.Android\AppDivisas.Android.csproj", "{860BF318-47D9-4E30-8233-D9484DB7E0D7}"
EndProject
Project("{FAE04EC0-301F-11D3-BF4B-00C04F79EFBC}") = "AppDivisas.iOS", "AppDivisas\AppDivisas.iOS\AppDivisas.iOS.csproj", "{5FDBE3A8-50E9-4ECA-9986-52A8CFF06CEC}"
EndProject
Project("{FAE04EC0-301F-11D3-BF4B-00C04F79EFBC}") = "AppDivisas", "AppDivisas\AppDivisas\AppDivisas.csproj", "{50460FED-DA20-4A14-948F-205D87F6218A}"
EndProject
Global
	GlobalSection(SolutionConfigurationPlatforms) = preSolution
		Debug|Any CPU = Debug|Any CPU
		Debug|ARM = Debug|ARM
		Debug|iPhone = Debug|iPhone
		Debug|iPhoneSimulator = Debug|iPhoneSimulator
		Debug|x64 = Debug|x64
		Debug|x86 = Debug|x86
		Release|Any CPU = Release|Any CPU
		Release|ARM = Release|ARM
		Release|iPhone = Release|iPhone
		Release|iPhoneSimulator = Release|iPhoneSimulator
		Release|x64 = Release|x64
		Release|x86 = Release|x86
	EndGlobalSection
	GlobalSection(ProjectConfigurationPlatforms) = postSolution
		{73A94002-B405-4892-931D-F2FB49390D4E}.Debug|Any CPU.ActiveCfg = Debug|x86
		{73A94002-B405-4892-931D-F2FB49390D4E}.Debug|Any CPU.Build.0 = Debug|x86
		{73A94002-B405-4892-931D-F2FB49390D4E}.Debug|Any CPU.Deploy.0 = Debug|x86
		{73A94002-B405-4892-931D-F2FB49390D4E}.Debug|ARM.ActiveCfg = Debug|ARM
		{73A94002-B405-4892-931D-F2FB49390D4E}.Debug|ARM.Build.0 = Debug|ARM
		{73A94002-B405-4892-931D-F2FB49390D4E}.Debug|ARM.Deploy.0 = Debug|ARM
		{73A94002-B405-4892-931D-F2FB49390D4E}.Debug|iPhone.ActiveCfg = Debug|x86
		{73A94002-B405-4892-931D-F2FB49390D4E}.Debug|iPhone.Build.0 = Debug|x86
		{73A94002-B405-4892-931D-F2FB49390D4E}.Debug|iPhone.Deploy.0 = Debug|x86
		{73A94002-B405-4892-931D-F2FB49390D4E}.Debug|iPhoneSimulator.ActiveCfg = Debug|x86
		{73A94002-B405-4892-931D-F2FB49390D4E}.Debug|iPhoneSimulator.Build.0 = Debug|x86
		{73A94002-B405-4892-931D-F2FB49390D4E}.Debug|iPhoneSimulator.Deploy.0 = Debug|x86
		{73A94002-B405-4892-931D-F2FB49390D4E}.Debug|x64.ActiveCfg = Debug|x64
		{73A94002-B405-4892-931D-F2FB49390D4E}.Debug|x64.Build.0 = Debug|x64
		{73A94002-B405-4892-931D-F2FB49390D4E}.Debug|x64.Deploy.0 = Debug|x64
		{73A94002-B405-4892-931D-F2FB49390D4E}.Debug|x86.ActiveCfg = Debug|x86
		{73A94002-B405-4892-931D-F2FB49390D4E}.Debug|x86.Build.0 = Debug|x86
		{73A94002-B405-4892-931D-F2FB49390D4E}.Debug|x86.Deploy.0 = Debug|x86
		{73A94002-B405-4892-931D-F2FB49390D4E}.Release|Any CPU.ActiveCfg = Release|x86
		{73A94002-B405-4892-931D-F2FB49390D4E}.Release|Any CPU.Build.0 = Release|x86
		{73A94002-B405-4892-931D-F2FB49390D4E}.Release|Any CPU.Deploy.0 = Release|x86
		{73A94002-B405-4892-931D-F2FB49390D4E}.Release|ARM.ActiveCfg = Release|ARM
		{73A94002-B405-4892-931D-F2FB49390D4E}.Release|ARM.Build.0 = Release|ARM
		{73A94002-B405-4892-931D-F2FB49390D4E}.Release|ARM.Deploy.0 = Release|ARM
		{73A94002-B405-4892-931D-F2FB49390D4E}.Release|iPhone.ActiveCfg = Release|x86
		{73A94002-B405-4892-931D-F2FB49390D4E}.Release|iPhone.Build.0 = Release|x86
		{73A94002-B405-4892-931D-F2FB49390D4E}.Release|iPhone.Deploy.0 = Release|x86
		{73A94002-B405-4892-931D-F2FB49390D4E}.Release|iPhoneSimulator.ActiveCfg = Release|x86
		{73A94002-B405-4892-931D-F2FB49390D4E}.Release|iPhoneSimulator.Build.0 = Release|x86
		{73A94002-B405-4892-931D-F2FB49390D4E}.Release|iPhoneSimulator.Deploy.0 = Release|x86
		{73A94002-B405-4892-931D-F2FB49390D4E}.Release|x64.ActiveCfg = Release|x64
		{73A94002-B405-4892-931D-F2FB49390D4E}.Release|x64.Build.0 = Release|x64
		{73A94002-B405-4892-931D-F2FB49390D4E}.Release|x64.Deploy.0 = Release|x64
		{73A94002-B405-4892-931D-F2FB49390D4E}.Release|x86.ActiveCfg = Release|x86
		{73A94002-B405-4892-931D-F2FB49390D4E}.Release|x86.Build.0 = Release|x86
		{73A94002-B405-4892-931D-F2FB49390D4E}.Release|x86.Deploy.0 = Release|x86
		{860BF318-47D9-4E30-8233-D9484DB7E0D7}.Debug|Any CPU.ActiveCfg = Debug|Any CPU
		{860BF318-47D9-4E30-8233-D9484DB7E0D7}.Debug|Any CPU.Build.0 = Debug|Any CPU
		{860BF318-47D9-4E30-8233-D9484DB7E0D7}.Debug|Any CPU.Deploy.0 = Debug|Any CPU
		{860BF318-47D9-4E30-8233-D9484DB7E0D7}.Debug|ARM.ActiveCfg = Debug|Any CPU
		{860BF318-47D9-4E30-8233-D9484DB7E0D7}.Debug|ARM.Build.0 = Debug|Any CPU
		{860BF318-47D9-4E30-8233-D9484DB7E0D7}.Debug|ARM.Deploy.0 = Debug|Any CPU
		{860BF318-47D9-4E30-8233-D9484DB7E0D7}.Debug|iPhone.ActiveCfg = Debug|Any CPU
		{860BF318-47D9-4E30-8233-D9484DB7E0D7}.Debug|iPhone.Build.0 = Debug|Any CPU
		{860BF318-47D9-4E30-8233-D9484DB7E0D7}.Debug|iPhone.Deploy.0 = Debug|Any CPU
		{860BF318-47D9-4E30-8233-D9484DB7E0D7}.Debug|iPhoneSimulator.ActiveCfg = Debug|Any CPU
		{860BF318-47D9-4E30-8233-D9484DB7E0D7}.Debug|iPhoneSimulator.Build.0 = Debug|Any CPU
		{860BF318-47D9-4E30-8233-D9484DB7E0D7}.Debug|iPhoneSimulator.Deploy.0 = Debug|Any CPU
		{860BF318-47D9-4E30-8233-D9484DB7E0D7}.Debug|x64.ActiveCfg = Debug|Any CPU
		{860BF318-47D9-4E30-8233-D9484DB7E0D7}.Debug|x64.Build.0 = Debug|Any CPU
		{860BF318-47D9-4E30-8233-D9484DB7E0D7}.Debug|x64.Deploy.0 = Debug|Any CPU
		{860BF318-47D9-4E30-8233-D9484DB7E0D7}.Debug|x86.ActiveCfg = Debug|Any CPU
		{860BF318-47D9-4E30-8233-D9484DB7E0D7}.Debug|x86.Build.0 = Debug|Any CPU
		{860BF318-47D9-4E30-8233-D9484DB7E0D7}.Debug|x86.Deploy.0 = Debug|Any CPU
		{860BF318-47D9-4E30-8233-D9484DB7E0D7}.Release|Any CPU.ActiveCfg = Release|Any CPU
		{860BF318-47D9-4E30-8233-D9484DB7E0D7}.Release|Any CPU.Build.0 = Release|Any CPU
		{860BF318-47D9-4E30-8233-D9484DB7E0D7}.Release|Any CPU.Deploy.0 = Release|Any CPU
		{860BF318-47D9-4E30-8233-D9484DB7E0D7}.Release|ARM.ActiveCfg = Release|Any CPU
		{860BF318-47D9-4E30-8233-D9484DB7E0D7}.Release|ARM.Build.0 = Release|Any CPU
		{860BF318-47D9-4E30-8233-D9484DB7E0D7}.Release|ARM.Deploy.0 = Release|Any CPU
		{860BF318-47D9-4E30-8233-D9484DB7E0D7}.Release|iPhone.ActiveCfg = Release|Any CPU
		{860BF318-47D9-4E30-8233-D9484DB7E0D7}.Release|iPhone.Build.0 = Release|Any CPU
		{860BF318-47D9-4E30-8233-D9484DB7E0D7}.Release|iPhone.Deploy.0 = Release|Any CPU
		{860BF318-47D9-4E30-8233-D9484DB7E0D7}.Release|iPhoneSimulator.ActiveCfg = Release|Any CPU
		{860BF318-47D9-4E30-8233-D9484DB7E0D7}.Release|iPhoneSimulator.Build.0 = Release|Any CPU
		{860BF318-47D9-4E30-8233-D9484DB7E0D7}.Release|iPhoneSimulator.Deploy.0 = Release|Any CPU
		{860BF318-47D9-4E30-8233-D9484DB7E0D7}.Release|x64.ActiveCfg = Release|Any CPU
		{860BF318-47D9-4E30-8233-D9484DB7E0D7}.Release|x64.Build.0 = Release|Any CPU
		{860BF318-47D9-4E30-8233-D9484DB7E0D7}.Release|x64.Deploy.0 = Release|Any CPU
		{860BF318-47D9-4E30-8233-D9484DB7E0D7}.Release|x86.ActiveCfg = Release|Any CPU
		{860BF318-47D9-4E30-8233-D9484DB7E0D7}.Release|x86.Build.0 = Release|Any CPU
		{860BF318-47D9-4E30-8233-D9484DB7E0D7}.Release|x86.Deploy.0 = Release|Any CPU
		{5FDBE3A8-50E9-4ECA-9986-52A8CFF06CEC}.Debug|Any CPU.ActiveCfg = Debug|iPhone
		{5FDBE3A8-50E9-4ECA-9986-52A8CFF06CEC}.Debug|Any CPU.Build.0 = Debug|iPhone
		{5FDBE3A8-50E9-4ECA-9986-52A8CFF06CEC}.Debug|Any CPU.Deploy.0 = Debug|iPhone
		{5FDBE3A8-50E9-4ECA-9986-52A8CFF06CEC}.Debug|ARM.ActiveCfg = Debug|iPhoneSimulator
		{5FDBE3A8-50E9-4ECA-9986-52A8CFF06CEC}.Debug|ARM.Build.0 = Debug|iPhoneSimulator
		{5FDBE3A8-50E9-4ECA-9986-52A8CFF06CEC}.Debug|ARM.Deploy.0 = Debug|iPhoneSimulator
		{5FDBE3A8-50E9-4ECA-9986-52A8CFF06CEC}.Debug|iPhone.ActiveCfg = Debug|iPhone
		{5FDBE3A8-50E9-4ECA-9986-52A8CFF06CEC}.Debug|iPhone.Build.0 = Debug|iPhone
		{5FDBE3A8-50E9-4ECA-9986-52A8CFF06CEC}.Debug|iPhone.Deploy.0 = Debug|iPhone
		{5FDBE3A8-50E9-4ECA-9986-52A8CFF06CEC}.Debug|iPhoneSimulator.ActiveCfg = Debug|iPhoneSimulator
		{5FDBE3A8-50E9-4ECA-9986-52A8CFF06CEC}.Debug|iPhoneSimulator.Build.0 = Debug|iPhoneSimulator
		{5FDBE3A8-50E9-4ECA-9986-52A8CFF06CEC}.Debug|iPhoneSimulator.Deploy.0 = Debug|iPhoneSimulator
		{5FDBE3A8-50E9-4ECA-9986-52A8CFF06CEC}.Debug|x64.ActiveCfg = Debug|iPhone
		{5FDBE3A8-50E9-4ECA-9986-52A8CFF06CEC}.Debug|x64.Build.0 = Debug|iPhone
		{5FDBE3A8-50E9-4ECA-9986-52A8CFF06CEC}.Debug|x64.Deploy.0 = Debug|iPhone
		{5FDBE3A8-50E9-4ECA-9986-52A8CFF06CEC}.Debug|x86.ActiveCfg = Debug|iPhone
		{5FDBE3A8-50E9-4ECA-9986-52A8CFF06CEC}.Debug|x86.Build.0 = Debug|iPhone
		{5FDBE3A8-50E9-4ECA-9986-52A8CFF06CEC}.Debug|x86.Deploy.0 = Debug|iPhone
		{5FDBE3A8-50E9-4ECA-9986-52A8CFF06CEC}.Release|Any CPU.ActiveCfg = Release|iPhone
		{5FDBE3A8-50E9-4ECA-9986-52A8CFF06CEC}.Release|Any CPU.Build.0 = Release|iPhone
		{5FDBE3A8-50E9-4ECA-9986-52A8CFF06CEC}.Release|Any CPU.Deploy.0 = Release|iPhone
		{5FDBE3A8-50E9-4ECA-9986-52A8CFF06CEC}.Release|ARM.ActiveCfg = Release|iPhone
		{5FDBE3A8-50E9-4ECA-9986-52A8CFF06CEC}.Release|ARM.Build.0 = Release|iPhone
		{5FDBE3A8-50E9-4ECA-9986-52A8CFF06CEC}.Release|ARM.Deploy.0 = Release|iPhone
		{5FDBE3A8-50E9-4ECA-9986-52A8CFF06CEC}.Release|iPhone.ActiveCfg = Release|iPhone
		{5FDBE3A8-50E9-4ECA-9986-52A8CFF06CEC}.Release|iPhone.Build.0 = Release|iPhone
		{5FDBE3A8-50E9-4ECA-9986-52A8CFF06CEC}.Release|iPhone.Deploy.0 = Release|iPhone
		{5FDBE3A8-50E9-4ECA-9986-52A8CFF06CEC}.Release|iPhoneSimulator.ActiveCfg = Release|iPhoneSimulator
		{5FDBE3A8-50E9-4ECA-9986-52A8CFF06CEC}.Release|iPhoneSimulator.Build.0 = Release|iPhoneSimulator
		{5FDBE3A8-50E9-4ECA-9986-52A8CFF06CEC}.Release|iPhoneSimulator.Deploy.0 = Release|iPhoneSimulator
		{5FDBE3A8-50E9-4ECA-9986-52A8CFF06CEC}.Release|x64.ActiveCfg = Release|iPhone
		{5FDBE3A8-50E9-4ECA-9986-52A8CFF06CEC}.Release|x64.Build.0 = Release|iPhone
		{5FDBE3A8-50E9-4ECA-9986-52A8CFF06CEC}.Release|x64.Deploy.0 = Release|iPhone
		{5FDBE3A8-50E9-4ECA-9986-52A8CFF06CEC}.Release|x86.ActiveCfg = Release|iPhone
		{5FDBE3A8-50E9-4ECA-9986-52A8CFF06CEC}.Release|x86.Build.0 = Release|iPhone
		{5FDBE3A8-50E9-4ECA-9986-52A8CFF06CEC}.Release|x86.Deploy.0 = Release|iPhone
		{50460FED-DA20-4A14-948F-205D87F6218A}.Debug|Any CPU.ActiveCfg = Debug|Any CPU
		{50460FED-DA20-4A14-948F-205D87F6218A}.Debug|Any CPU.Build.0 = Debug|Any CPU
		{50460FED-DA20-4A14-948F-205D87F6218A}.Debug|Any CPU.Deploy.0 = Debug|Any CPU
		{50460FED-DA20-4A14-948F-205D87F6218A}.Debug|ARM.ActiveCfg = Debug|Any CPU
		{50460FED-DA20-4A14-948F-205D87F6218A}.Debug|ARM.Build.0 = Debug|Any CPU
		{50460FED-DA20-4A14-948F-205D87F6218A}.Debug|ARM.Deploy.0 = Debug|Any CPU
		{50460FED-DA20-4A14-948F-205D87F6218A}.Debug|iPhone.ActiveCfg = Debug|Any CPU
		{50460FED-DA20-4A14-948F-205D87F6218A}.Debug|iPhone.Build.0 = Debug|Any CPU
		{50460FED-DA20-4A14-948F-205D87F6218A}.Debug|iPhone.Deploy.0 = Debug|Any CPU
		{50460FED-DA20-4A14-948F-205D87F6218A}.Debug|iPhoneSimulator.ActiveCfg = Debug|Any CPU
		{50460FED-DA20-4A14-948F-205D87F6218A}.Debug|iPhoneSimulator.Build.0 = Debug|Any CPU
		{50460FED-DA20-4A14-948F-205D87F6218A}.Debug|iPhoneSimulator.Deploy.0 = Debug|Any CPU
		{50460FED-DA20-4A14-948F-205D87F6218A}.Debug|x64.ActiveCfg = Debug|Any CPU
		{50460FED-DA20-4A14-948F-205D87F6218A}.Debug|x64.Build.0 = Debug|Any CPU
		{50460FED-DA20-4A14-948F-205D87F6218A}.Debug|x64.Deploy.0 = Debug|Any CPU
		{50460FED-DA20-4A14-948F-205D87F6218A}.Debug|x86.ActiveCfg = Debug|Any CPU
		{50460FED-DA20-4A14-948F-205D87F6218A}.Debug|x86.Build.0 = Debug|Any CPU
		{50460FED-DA20-4A14-948F-205D87F6218A}.Debug|x86.Deploy.0 = Debug|Any CPU
		{50460FED-DA20-4A14-948F-205D87F6218A}.Release|Any CPU.ActiveCfg = Release|Any CPU
		{50460FED-DA20-4A14-948F-205D87F6218A}.Release|Any CPU.Build.0 = Release|Any CPU
		{50460FED-DA20-4A14-948F-205D87F6218A}.Release|Any CPU.Deploy.0 = Release|Any CPU
		{50460FED-DA20-4A14-948F-205D87F6218A}.Release|ARM.ActiveCfg = Release|Any CPU
		{50460FED-DA20-4A14-948F-205D87F6218A}.Release|ARM.Build.0 = Release|Any CPU
		{50460FED-DA20-4A14-948F-205D87F6218A}.Release|ARM.Deploy.0 = Release|Any CPU
		{50460FED-DA20-4A14-948F-205D87F6218A}.Release|iPhone.ActiveCfg = Release|Any CPU
		{50460FED-DA20-4A14-948F-205D87F6218A}.Release|iPhone.Build.0 = Release|Any CPU
		{50460FED-DA20-4A14-948F-205D87F6218A}.Release|iPhone.Deploy.0 = Release|Any CPU
		{50460FED-DA20-4A14-948F-205D87F6218A}.Release|iPhoneSimulator.ActiveCfg = Release|Any CPU
		{50460FED-DA20-4A14-948F-205D87F6218A}.Release|iPhoneSimulator.Build.0 = Release|Any CPU
		{50460FED-DA20-4A14-948F-205D87F6218A}.Release|iPhoneSimulator.Deploy.0 = Release|Any CPU
		{50460FED-DA20-4A14-948F-205D87F6218A}.Release|x64.ActiveCfg = Release|Any CPU
		{50460FED-DA20-4A14-948F-205D87F6218A}.Release|x64.Build.0 = Release|Any CPU
		{50460FED-DA20-4A14-948F-205D87F6218A}.Release|x64.Deploy.0 = Release|Any CPU
		{50460FED-DA20-4A14-948F-205D87F6218A}.Release|x86.ActiveCfg = Release|Any CPU
		{50460FED-DA20-4A14-948F-205D87F6218A}.Release|x86.Build.0 = Release|Any CPU
		{50460FED-DA20-4A14-948F-205D87F6218A}.Release|x86.Deploy.0 = Release|Any CPU
	EndGlobalSection
	GlobalSection(SolutionProperties) = preSolution
		HideSolutionNode = FALSE
	EndGlobalSection
	GlobalSection(ExtensibilityGlobals) = postSolution
		SolutionGuid = {33B552CA-45E6-42EB-A483-5B471F47C9AC}
	EndGlobalSection
EndGlobal
